
Microsoft Visual Studio Solution File, Format Version 12.00
# Visual Studio Version 17
VisualStudioVersion = 17.14.36915.13 d17.14
MinimumVisualStudioVersion = 10.0.40219.1
Project("{FAE04EC0-301F-11D3-BF4B-00C04F79EFBC}") = "ProductManagement", "ProductManagement\ProductManagement.csproj", "{2770AD95-428D-43B7-BD39-2C6746F3D00F}"
EndProject
Global
	GlobalSection(SolutionConfigurationPlatforms) = preSolution
		Debug|Any CPU = Debug|Any CPU
		Release|Any CPU = Release|Any CPU
	EndGlobalSection
	GlobalSection(ProjectConfigurationPlatforms) = postSolution
		{2770AD95-428D-43B7-BD39-2C6746F3D00F}.Debug|Any CPU.ActiveCfg = Debug|Any CPU
		{2770AD95-428D-43B7-BD39-2C6746F3D00F}.Debug|Any CPU.Build.0 = Debug|Any CPU
		{2770AD95-428D-43B7-BD39-2C6746F3D00F}.Release|Any CPU.ActiveCfg = Release|Any CPU
		{2770AD95-428D-43B7-BD39-2C6746F3D00F}.Release|Any CPU.Build.0 = Release|Any CPU
	EndGlobalSection
	GlobalSection(SolutionProperties) = preSolution
		HideSolutionNode = FALSE
	EndGlobalSection
	GlobalSection(ExtensibilityGlobals) = postSolution
		SolutionGuid = {1E04A06D-A021-452E-9866-A7DE6D354D0B}
	EndGlobalSection
EndGlobal
