
Microsoft Visual Studio Solution File, Format Version 12.00
# Visual Studio Version 17
VisualStudioVersion = 17.14.36915.13 d17.14
MinimumVisualStudioVersion = 10.0.40219.1
Project("{FAE04EC0-301F-11D3-BF4B-00C04F79EFBC}") = "WebAPI", "WebAPI\WebAPI.csproj", "{D1D8D6AA-0758-47A0-B281-4DB7BCF4218E}"
EndProject
Global
	GlobalSection(SolutionConfigurationPlatforms) = preSolution
		Debug|Any CPU = Debug|Any CPU
		Release|Any CPU = Release|Any CPU
	EndGlobalSection
	GlobalSection(ProjectConfigurationPlatforms) = postSolution
		{D1D8D6AA-0758-47A0-B281-4DB7BCF4218E}.Debug|Any CPU.ActiveCfg = Debug|Any CPU
		{D1D8D6AA-0758-47A0-B281-4DB7BCF4218E}.Debug|Any CPU.Build.0 = Debug|Any CPU
		{D1D8D6AA-0758-47A0-B281-4DB7BCF4218E}.Release|Any CPU.ActiveCfg = Release|Any CPU
		{D1D8D6AA-0758-47A0-B281-4DB7BCF4218E}.Release|Any CPU.Build.0 = Release|Any CPU
	EndGlobalSection
	GlobalSection(SolutionProperties) = preSolution
		HideSolutionNode = FALSE
	EndGlobalSection
	GlobalSection(ExtensibilityGlobals) = postSolution
		SolutionGuid = {AF23D3A0-CA53-4DC6-A759-DB1A143E13CD}
	EndGlobalSection
EndGlobal
